
Microsoft Visual Studio Solution File, Format Version 12.00
# Visual Studio Version 17
VisualStudioVersion = 17.8.34322.80
MinimumVisualStudioVersion = 10.0.40219.1
Project("{FAE04EC0-301F-11D3-BF4B-00C04F79EFBC}") = "FirstWebApp", "FirstWebApp\FirstWebApp\FirstWebApp.csproj", "{7D93C61C-8B7D-478D-B13A-B71316AD06B6}"
EndProject
Project("{FAE04EC0-301F-11D3-BF4B-00C04F79EFBC}") = "FirstWebApp.Client", "FirstWebApp\FirstWebApp.Client\FirstWebApp.Client.csproj", "{D6A83553-4E20-4556-A71E-18B0A9573191}"
EndProject
Global
	GlobalSection(SolutionConfigurationPlatforms) = preSolution
		Debug|Any CPU = Debug|Any CPU
		Release|Any CPU = Release|Any CPU
	EndGlobalSection
	GlobalSection(ProjectConfigurationPlatforms) = postSolution
		{7D93C61C-8B7D-478D-B13A-B71316AD06B6}.Debug|Any CPU.ActiveCfg = Debug|Any CPU
		{7D93C61C-8B7D-478D-B13A-B71316AD06B6}.Debug|Any CPU.Build.0 = Debug|Any CPU
		{7D93C61C-8B7D-478D-B13A-B71316AD06B6}.Release|Any CPU.ActiveCfg = Release|Any CPU
		{7D93C61C-8B7D-478D-B13A-B71316AD06B6}.Release|Any CPU.Build.0 = Release|Any CPU
		{D6A83553-4E20-4556-A71E-18B0A9573191}.Debug|Any CPU.ActiveCfg = Debug|Any CPU
		{D6A83553-4E20-4556-A71E-18B0A9573191}.Debug|Any CPU.Build.0 = Debug|Any CPU
		{D6A83553-4E20-4556-A71E-18B0A9573191}.Release|Any CPU.ActiveCfg = Release|Any CPU
		{D6A83553-4E20-4556-A71E-18B0A9573191}.Release|Any CPU.Build.0 = Release|Any CPU
	EndGlobalSection
	GlobalSection(SolutionProperties) = preSolution
		HideSolutionNode = FALSE
	EndGlobalSection
	GlobalSection(ExtensibilityGlobals) = postSolution
		SolutionGuid = {B83D47A7-3417-4343-98B1-6104B4F0F914}
	EndGlobalSection
EndGlobal
